{
  "version": 4,
  "terraform_version": "1.15.8",
  "serial": 34,
  "lineage": "c06a9f1c-10b2-a0b3-a5e1-083caadd45d9",
  "outputs": {
    "data_lake_bucket_name": {
      "value": "financial-dataops-dev-49e514ea",
      "type": "string"
    },
    "glue_database_name": {
      "value": "financial_dataops_dev",
      "type": "string"
    },
    "glue_role_arn": {
      "value": "arn:aws:iam::400790842909:role/financial-dataops-dev-glue-role",
      "type": "string"
    }
  },
  "resources": [
    {
      "mode": "data",
      "type": "aws_iam_policy_document",
      "name": "glue_assume_role",
      "provider": "provider[\"registry.terraform.io/hashicorp/aws\"]",
      "instances": [
        {
          "schema_version": 0,
          "attributes": {
            "id": "2681768870",
            "json": "{\n  \"Version\": \"2012-10-17\",\n  \"Statement\": [\n    {\n      \"Effect\": \"Allow\",\n      \"Action\": \"sts:AssumeRole\",\n      \"Principal\": {\n        \"Service\": \"glue.amazonaws.com\"\n      }\n    }\n  ]\n}",
            "minified_json": "{\"Version\":\"2012-10-17\",\"Statement\":[{\"Effect\":\"Allow\",\"Action\":\"sts:AssumeRole\",\"Principal\":{\"Service\":\"glue.amazonaws.com\"}}]}",
            "override_json": null,
            "override_policy_documents": null,
            "policy_id": null,
            "source_json": null,
            "source_policy_documents": null,
            "statement": [
              {
                "actions": [
                  "sts:AssumeRole"
                ],
                "condition": [],
                "effect": "Allow",
                "not_actions": [],
                "not_principals": [],
                "not_resources": [],
                "principals": [
                  {
                    "identifiers": [
                      "glue.amazonaws.com"
                    ],
                    "type": "Service"
                  }
                ],
                "resources": [],
                "sid": ""
              }
            ],
            "version": "2012-10-17"
          },
          "sensitive_attributes": [],
          "identity_schema_version": 0
        }
      ]
    },
    {
      "mode": "data",
      "type": "aws_iam_policy_document",
      "name": "glue_permissions",
      "provider": "provider[\"registry.terraform.io/hashicorp/aws\"]",
      "instances": [
        {
          "schema_version": 0,
          "attributes": {
            "id": "3822389864",
            "json": "{\n  \"Version\": \"2012-10-17\",\n  \"Statement\": [\n    {\n      \"Sid\": \"ListDataBucket\",\n      \"Effect\": \"Allow\",\n      \"Action\": [\n        \"s3:ListBucket\",\n        \"s3:GetBucketLocation\"\n      ],\n      \"Resource\": \"arn:aws:s3:::financial-dataops-dev-49e514ea\"\n    },\n    {\n      \"Sid\": \"ReadWritePipelineObjects\",\n      \"Effect\": \"Allow\",\n      \"Action\": [\n        \"s3:PutObject\",\n        \"s3:GetObject\",\n        \"s3:DeleteObject\"\n      ],\n      \"Resource\": [\n        \"arn:aws:s3:::financial-dataops-dev-49e514ea/temp/*\",\n        \"arn:aws:s3:::financial-dataops-dev-49e514ea/silver/*\",\n        \"arn:aws:s3:::financial-dataops-dev-49e514ea/scripts/*\",\n        \"arn:aws:s3:::financial-dataops-dev-49e514ea/raw/*\",\n        \"arn:aws:s3:::financial-dataops-dev-49e514ea/quarantine/*\",\n        \"arn:aws:s3:::financial-dataops-dev-49e514ea/gold/*\",\n        \"arn:aws:s3:::financial-dataops-dev-49e514ea/bronze/*\",\n        \"arn:aws:s3:::financial-dataops-dev-49e514ea/athena-results/*\"\n      ]\n    },\n    {\n      \"Sid\": \"GlueCatalog\",\n      \"Effect\": \"Allow\",\n      \"Action\": [\n        \"glue:UpdateTable\",\n        \"glue:GetTables\",\n        \"glue:GetTable\",\n        \"glue:GetPartitions\",\n        \"glue:GetPartition\",\n        \"glue:GetDatabases\",\n        \"glue:GetDatabase\",\n        \"glue:DeleteTable\",\n        \"glue:CreateTable\",\n        \"glue:BatchUpdatePartition\",\n        \"glue:BatchDeletePartition\",\n        \"glue:BatchCreatePartition\"\n      ],\n      \"Resource\": \"*\"\n    },\n    {\n      \"Sid\": \"CloudWatchLogs\",\n      \"Effect\": \"Allow\",\n      \"Action\": [\n        \"logs:PutLogEvents\",\n        \"logs:CreateLogStream\",\n        \"logs:CreateLogGroup\"\n      ],\n      \"Resource\": \"*\"\n    },\n    {\n      \"Sid\": \"PublishMetrics\",\n      \"Effect\": \"Allow\",\n      \"Action\": \"cloudwatch:PutMetricData\",\n      \"Resource\": \"*\"\n    }\n  ]\n}",
            "minified_json": "{\"Version\":\"2012-10-17\",\"Statement\":[{\"Sid\":\"ListDataBucket\",\"Effect\":\"Allow\",\"Action\":[\"s3:ListBucket\",\"s3:GetBucketLocation\"],\"Resource\":\"arn:aws:s3:::financial-dataops-dev-49e514ea\"},{\"Sid\":\"ReadWritePipelineObjects\",\"Effect\":\"Allow\",\"Action\":[\"s3:PutObject\",\"s3:GetObject\",\"s3:DeleteObject\"],\"Resource\":[\"arn:aws:s3:::financial-dataops-dev-49e514ea/temp/*\",\"arn:aws:s3:::financial-dataops-dev-49e514ea/silver/*\",\"arn:aws:s3:::financial-dataops-dev-49e514ea/scripts/*\",\"arn:aws:s3:::financial-dataops-dev-49e514ea/raw/*\",\"arn:aws:s3:::financial-dataops-dev-49e514ea/quarantine/*\",\"arn:aws:s3:::financial-dataops-dev-49e514ea/gold/*\",\"arn:aws:s3:::financial-dataops-dev-49e514ea/bronze/*\",\"arn:aws:s3:::financial-dataops-dev-49e514ea/athena-results/*\"]},{\"Sid\":\"GlueCatalog\",\"Effect\":\"Allow\",\"Action\":[\"glue:UpdateTable\",\"glue:GetTables\",\"glue:GetTable\",\"glue:GetPartitions\",\"glue:GetPartition\",\"glue:GetDatabases\",\"glue:GetDatabase\",\"glue:DeleteTable\",\"glue:CreateTable\",\"glue:BatchUpdatePartition\",\"glue:BatchDeletePartition\",\"glue:BatchCreatePartition\"],\"Resource\":\"*\"},{\"Sid\":\"CloudWatchLogs\",\"Effect\":\"Allow\",\"Action\":[\"logs:PutLogEvents\",\"logs:CreateLogStream\",\"logs:CreateLogGroup\"],\"Resource\":\"*\"},{\"Sid\":\"PublishMetrics\",\"Effect\":\"Allow\",\"Action\":\"cloudwatch:PutMetricData\",\"Resource\":\"*\"}]}",
            "override_json": null,
            "override_policy_documents": null,
            "policy_id": null,
            "source_json": null,
            "source_policy_documents": null,
            "statement": [
              {
                "actions": [
                  "s3:GetBucketLocation",
                  "s3:ListBucket"
                ],
                "condition": [],
                "effect": "Allow",
                "not_actions": [],
                "not_principals": [],
                "not_resources": [],
                "principals": [],
                "resources": [
                  "arn:aws:s3:::financial-dataops-dev-49e514ea"
                ],
                "sid": "ListDataBucket"
              },
              {
                "actions": [
                  "s3:DeleteObject",
                  "s3:GetObject",
                  "s3:PutObject"
                ],
                "condition": [],
                "effect": "Allow",
                "not_actions": [],
                "not_principals": [],
                "not_resources": [],
                "principals": [],
                "resources": [
                  "arn:aws:s3:::financial-dataops-dev-49e514ea/athena-results/*",
                  "arn:aws:s3:::financial-dataops-dev-49e514ea/bronze/*",
                  "arn:aws:s3:::financial-dataops-dev-49e514ea/gold/*",
                  "arn:aws:s3:::financial-dataops-dev-49e514ea/quarantine/*",
                  "arn:aws:s3:::financial-dataops-dev-49e514ea/raw/*",
                  "arn:aws:s3:::financial-dataops-dev-49e514ea/scripts/*",
                  "arn:aws:s3:::financial-dataops-dev-49e514ea/silver/*",
                  "arn:aws:s3:::financial-dataops-dev-49e514ea/temp/*"
                ],
                "sid": "ReadWritePipelineObjects"
              },
              {
                "actions": [
                  "glue:BatchCreatePartition",
                  "glue:BatchDeletePartition",
                  "glue:BatchUpdatePartition",
                  "glue:CreateTable",
                  "glue:DeleteTable",
                  "glue:GetDatabase",
                  "glue:GetDatabases",
                  "glue:GetPartition",
                  "glue:GetPartitions",
                  "glue:GetTable",
                  "glue:GetTables",
                  "glue:UpdateTable"
                ],
                "condition": [],
                "effect": "Allow",
                "not_actions": [],
                "not_principals": [],
                "not_resources": [],
                "principals": [],
                "resources": [
                  "*"
                ],
                "sid": "GlueCatalog"
              },
              {
                "actions": [
                  "logs:CreateLogGroup",
                  "logs:CreateLogStream",
                  "logs:PutLogEvents"
                ],
                "condition": [],
                "effect": "Allow",
                "not_actions": [],
                "not_principals": [],
                "not_resources": [],
                "principals": [],
                "resources": [
                  "*"
                ],
                "sid": "CloudWatchLogs"
              },
              {
                "actions": [
                  "cloudwatch:PutMetricData"
                ],
                "condition": [],
                "effect": "Allow",
                "not_actions": [],
                "not_principals": [],
                "not_resources": [],
                "principals": [],
                "resources": [
                  "*"
                ],
                "sid": "PublishMetrics"
              }
            ],
            "version": "2012-10-17"
          },
          "sensitive_attributes": [],
          "identity_schema_version": 0
        }
      ]
    },
    {
      "mode": "managed",
      "type": "aws_glue_catalog_database",
      "name": "financial",
      "provider": "provider[\"registry.terraform.io/hashicorp/aws\"]",
      "instances": [
        {
          "schema_version": 0,
          "attributes": {
            "arn": "arn:aws:glue:eu-north-1:400790842909:database/financial_dataops_dev",
            "catalog_id": "400790842909",
            "create_table_default_permission": [
              {
                "permissions": [
                  "ALL"
                ],
                "principal": [
                  {
                    "data_lake_principal_identifier": "IAM_ALLOWED_PRINCIPALS"
                  }
                ]
              }
            ],
            "description": "",
            "federated_database": [],
            "id": "400790842909:financial_dataops_dev",
            "location_uri": "",
            "name": "financial_dataops_dev",
            "parameters": {},
            "region": "eu-north-1",
            "tags": {},
            "tags_all": {
              "Environment": "dev",
              "ManagedBy": "Terraform",
              "Project": "financial-dataops"
            },
            "target_database": []
          },
          "sensitive_attributes": [],
          "identity_schema_version": 0,
          "private": "bnVsbA=="
        }
      ]
    },
    {
      "mode": "managed",
      "type": "aws_glue_crawler",
      "name": "bronze",
      "provider": "provider[\"registry.terraform.io/hashicorp/aws\"]",
      "instances": [
        {
          "schema_version": 0,
          "attributes": {
            "arn": "arn:aws:glue:eu-north-1:400790842909:crawler/financial-dataops-dev-bronze-crawler",
            "catalog_target": [],
            "classifiers": [],
            "configuration": "",
            "database_name": "financial_dataops_dev",
            "delta_target": [],
            "description": "",
            "dynamodb_target": [],
            "hudi_target": [],
            "iceberg_target": [],
            "id": "financial-dataops-dev-bronze-crawler",
            "jdbc_target": [],
            "lake_formation_configuration": [
              {
                "account_id": "",
                "use_lake_formation_credentials": false
              }
            ],
            "lineage_configuration": [
              {
                "crawler_lineage_settings": "DISABLE"
              }
            ],
            "mongodb_target": [],
            "name": "financial-dataops-dev-bronze-crawler",
            "recrawl_policy": [
              {
                "recrawl_behavior": "CRAWL_EVERYTHING"
              }
            ],
            "region": "eu-north-1",
            "role": "financial-dataops-dev-glue-role",
            "s3_target": [
              {
                "connection_name": "",
                "dlq_event_queue_arn": "",
                "event_queue_arn": "",
                "exclusions": [],
                "path": "s3://financial-dataops-dev-49e514ea/bronze/cards/",
                "sample_size": 0
              },
              {
                "connection_name": "",
                "dlq_event_queue_arn": "",
                "event_queue_arn": "",
                "exclusions": [],
                "path": "s3://financial-dataops-dev-49e514ea/bronze/users/",
                "sample_size": 0
              },
              {
                "connection_name": "",
                "dlq_event_queue_arn": "",
                "event_queue_arn": "",
                "exclusions": [],
                "path": "s3://financial-dataops-dev-49e514ea/bronze/transactions/",
                "sample_size": 0
              }
            ],
            "schedule": "",
            "schema_change_policy": [
              {
                "delete_behavior": "LOG",
                "update_behavior": "UPDATE_IN_DATABASE"
              }
            ],
            "security_configuration": "",
            "table_prefix": "bronze_",
            "tags": {
              "Environment": "dev",
              "Layer": "bronze",
              "Project": "financial-dataops"
            },
            "tags_all": {
              "Environment": "dev",
              "Layer": "bronze",
              "ManagedBy": "Terraform",
              "Project": "financial-dataops"
            }
          },
          "sensitive_attributes": [],
          "identity_schema_version": 0,
          "private": "bnVsbA==",
          "dependencies": [
            "aws_glue_catalog_database.financial",
            "aws_iam_role.glue_role",
            "aws_s3_bucket.data_lake",
            "data.aws_iam_policy_document.glue_assume_role",
            "random_id.suffix"
          ]
        }
      ]
    },
    {
      "mode": "managed",
      "type": "aws_glue_crawler",
      "name": "silver",
      "provider": "provider[\"registry.terraform.io/hashicorp/aws\"]",
      "instances": [
        {
          "schema_version": 0,
          "attributes": {
            "arn": "arn:aws:glue:eu-north-1:400790842909:crawler/financial-dataops-dev-silver-crawler",
            "catalog_target": [],
            "classifiers": null,
            "configuration": "",
            "database_name": "financial_dataops_dev",
            "delta_target": [],
            "description": "",
            "dynamodb_target": [],
            "hudi_target": [],
            "iceberg_target": [],
            "id": "financial-dataops-dev-silver-crawler",
            "jdbc_target": [],
            "lake_formation_configuration": [
              {
                "account_id": "",
                "use_lake_formation_credentials": false
              }
            ],
            "lineage_configuration": [
              {
                "crawler_lineage_settings": "DISABLE"
              }
            ],
            "mongodb_target": [],
            "name": "financial-dataops-dev-silver-crawler",
            "recrawl_policy": [
              {
                "recrawl_behavior": "CRAWL_EVERYTHING"
              }
            ],
            "region": "eu-north-1",
            "role": "financial-dataops-dev-glue-role",
            "s3_target": [
              {
                "connection_name": "",
                "dlq_event_queue_arn": "",
                "event_queue_arn": "",
                "exclusions": null,
                "path": "s3://financial-dataops-dev-49e514ea/silver/cards/",
                "sample_size": 0
              },
              {
                "connection_name": "",
                "dlq_event_queue_arn": "",
                "event_queue_arn": "",
                "exclusions": null,
                "path": "s3://financial-dataops-dev-49e514ea/silver/users/",
                "sample_size": 0
              },
              {
                "connection_name": "",
                "dlq_event_queue_arn": "",
                "event_queue_arn": "",
                "exclusions": null,
                "path": "s3://financial-dataops-dev-49e514ea/silver/transactions/",
                "sample_size": 0
              }
            ],
            "schedule": "",
            "schema_change_policy": [
              {
                "delete_behavior": "LOG",
                "update_behavior": "UPDATE_IN_DATABASE"
              }
            ],
            "security_configuration": "",
            "table_prefix": "silver_",
            "tags": {
              "Environment": "dev",
              "Layer": "silver",
              "Project": "financial-dataops"
            },
            "tags_all": {
              "Environment": "dev",
              "Layer": "silver",
              "ManagedBy": "Terraform",
              "Project": "financial-dataops"
            }
          },
          "sensitive_attributes": [],
          "identity_schema_version": 0,
          "private": "bnVsbA==",
          "dependencies": [
            "aws_glue_catalog_database.financial",
            "aws_iam_role.glue_role",
            "aws_s3_bucket.data_lake",
            "data.aws_iam_policy_document.glue_assume_role",
            "random_id.suffix"
          ]
        }
      ]
    },
    {
      "mode": "managed",
      "type": "aws_glue_job",
      "name": "raw_to_silver",
      "provider": "provider[\"registry.terraform.io/hashicorp/aws\"]",
      "instances": [
        {
          "schema_version": 0,
          "attributes": {
            "arn": "arn:aws:glue:eu-north-1:400790842909:job/financial-dataops-dev-raw-to-silver",
            "command": [
              {
                "name": "glueetl",
                "python_version": "3",
                "runtime": "",
                "script_location": "s3://financial-dataops-dev-49e514ea/scripts/raw_to_silver.py"
              }
            ],
            "connections": null,
            "default_arguments": {
              "--QUARANTINE_BASE_PATH": "s3://financial-dataops-dev-49e514ea/quarantine",
              "--RAW_CARDS_PATH": "s3://financial-dataops-dev-49e514ea/bronze/cards/",
              "--RAW_FRAUD_LABELS_PATH": "s3://financial-dataops-dev-49e514ea/bronze/fraud-labels/",
              "--RAW_MCC_PATH": "s3://financial-dataops-dev-49e514ea/bronze/mcc/",
              "--RAW_TRANSACTIONS_PATH": "s3://financial-dataops-dev-49e514ea/bronze/transactions/",
              "--RAW_USERS_PATH": "s3://financial-dataops-dev-49e514ea/bronze/users/",
              "--SILVER_BASE_PATH": "s3://financial-dataops-dev-49e514ea/silver",
              "--enable-continuous-cloudwatch-log": "true",
              "--enable-metrics": "true",
              "--enable-observability-metrics": "true",
              "--enable-spark-ui": "true",
              "--extra-py-files": "s3://financial-dataops-dev-49e514ea/scripts/financial_transformations.zip",
              "--job-language": "python",
              "--spark-event-logs-path": "s3://financial-dataops-dev-49e514ea/temp/spark-logs/"
            },
            "description": "",
            "execution_class": "",
            "execution_property": [
              {
                "max_concurrent_runs": 1
              }
            ],
            "glue_version": "5.0",
            "id": "financial-dataops-dev-raw-to-silver",
            "job_mode": "SCRIPT",
            "job_run_queuing_enabled": false,
            "maintenance_window": "",
            "max_capacity": 5,
            "max_retries": 0,
            "name": "financial-dataops-dev-raw-to-silver",
            "non_overridable_arguments": null,
            "notification_property": [],
            "number_of_workers": 5,
            "region": "eu-north-1",
            "role_arn": "arn:aws:iam::400790842909:role/financial-dataops-dev-glue-role",
            "security_configuration": "",
            "source_control_details": [],
            "tags": null,
            "tags_all": {
              "Environment": "dev",
              "ManagedBy": "Terraform",
              "Project": "financial-dataops"
            },
            "timeout": 60,
            "worker_type": "G.1X"
          },
          "sensitive_attributes": [],
          "identity_schema_version": 0,
          "identity": {
            "account_id": "400790842909",
            "name": "financial-dataops-dev-raw-to-silver",
            "region": "eu-north-1"
          },
          "private": "bnVsbA==",
          "dependencies": [
            "aws_iam_policy.glue_permissions",
            "aws_iam_role.glue_role",
            "aws_iam_role_policy_attachment.glue_permissions",
            "aws_iam_role_policy_attachment.glue_service_role",
            "aws_s3_bucket.data_lake",
            "aws_s3_object.raw_to_silver_script",
            "aws_s3_object.transformation_library",
            "data.aws_iam_policy_document.glue_assume_role",
            "data.aws_iam_policy_document.glue_permissions",
            "random_id.suffix"
          ]
        }
      ]
    },
    {
      "mode": "managed",
      "type": "aws_iam_policy",
      "name": "glue_permissions",
      "provider": "provider[\"registry.terraform.io/hashicorp/aws\"]",
      "instances": [
        {
          "schema_version": 0,
          "attributes": {
            "arn": "arn:aws:iam::400790842909:policy/financial-dataops-dev-glue-policy",
            "attachment_count": 1,
            "delay_after_policy_creation_in_ms": null,
            "description": "Permissions for the financial data pipeline Glue jobs",
            "id": "arn:aws:iam::400790842909:policy/financial-dataops-dev-glue-policy",
            "name": "financial-dataops-dev-glue-policy",
            "name_prefix": "",
            "path": "/",
            "policy": "{\"Statement\":[{\"Action\":[\"s3:ListBucket\",\"s3:GetBucketLocation\"],\"Effect\":\"Allow\",\"Resource\":\"arn:aws:s3:::financial-dataops-dev-49e514ea\",\"Sid\":\"ListDataBucket\"},{\"Action\":[\"s3:PutObject\",\"s3:GetObject\",\"s3:DeleteObject\"],\"Effect\":\"Allow\",\"Resource\":[\"arn:aws:s3:::financial-dataops-dev-49e514ea/temp/*\",\"arn:aws:s3:::financial-dataops-dev-49e514ea/silver/*\",\"arn:aws:s3:::financial-dataops-dev-49e514ea/scripts/*\",\"arn:aws:s3:::financial-dataops-dev-49e514ea/raw/*\",\"arn:aws:s3:::financial-dataops-dev-49e514ea/quarantine/*\",\"arn:aws:s3:::financial-dataops-dev-49e514ea/gold/*\",\"arn:aws:s3:::financial-dataops-dev-49e514ea/bronze/*\",\"arn:aws:s3:::financial-dataops-dev-49e514ea/athena-results/*\"],\"Sid\":\"ReadWritePipelineObjects\"},{\"Action\":[\"glue:UpdateTable\",\"glue:GetTables\",\"glue:GetTable\",\"glue:GetPartitions\",\"glue:GetPartition\",\"glue:GetDatabases\",\"glue:GetDatabase\",\"glue:DeleteTable\",\"glue:CreateTable\",\"glue:BatchUpdatePartition\",\"glue:BatchDeletePartition\",\"glue:BatchCreatePartition\"],\"Effect\":\"Allow\",\"Resource\":\"*\",\"Sid\":\"GlueCatalog\"},{\"Action\":[\"logs:PutLogEvents\",\"logs:CreateLogStream\",\"logs:CreateLogGroup\"],\"Effect\":\"Allow\",\"Resource\":\"*\",\"Sid\":\"CloudWatchLogs\"},{\"Action\":\"cloudwatch:PutMetricData\",\"Effect\":\"Allow\",\"Resource\":\"*\",\"Sid\":\"PublishMetrics\"}],\"Version\":\"2012-10-17\"}",
            "policy_id": "ANPAV2UH65YOTPBVGEP5Y",
            "tags": {
              "Environment": "dev",
              "Project": "financial-dataops"
            },
            "tags_all": {
              "Environment": "dev",
              "ManagedBy": "Terraform",
              "Project": "financial-dataops"
            }
          },
          "sensitive_attributes": [],
          "identity_schema_version": 0,
          "identity": {
            "arn": "arn:aws:iam::400790842909:policy/financial-dataops-dev-glue-policy"
          },
          "private": "bnVsbA==",
          "dependencies": [
            "aws_s3_bucket.data_lake",
            "data.aws_iam_policy_document.glue_permissions",
            "random_id.suffix"
          ]
        }
      ]
    },
    {
      "mode": "managed",
      "type": "aws_iam_role",
      "name": "glue_role",
      "provider": "provider[\"registry.terraform.io/hashicorp/aws\"]",
      "instances": [
        {
          "schema_version": 0,
          "attributes": {
            "arn": "arn:aws:iam::400790842909:role/financial-dataops-dev-glue-role",
            "assume_role_policy": "{\"Statement\":[{\"Action\":\"sts:AssumeRole\",\"Effect\":\"Allow\",\"Principal\":{\"Service\":\"glue.amazonaws.com\"}}],\"Version\":\"2012-10-17\"}",
            "create_date": "2026-07-13T21:43:20Z",
            "description": "",
            "force_detach_policies": false,
            "id": "financial-dataops-dev-glue-role",
            "inline_policy": [],
            "managed_policy_arns": [
              "arn:aws:iam::400790842909:policy/financial-dataops-dev-glue-policy",
              "arn:aws:iam::aws:policy/service-role/AWSGlueServiceRole"
            ],
            "max_session_duration": 3600,
            "name": "financial-dataops-dev-glue-role",
            "name_prefix": "",
            "path": "/",
            "permissions_boundary": "",
            "tags": {
              "Environment": "dev",
              "Project": "financial-dataops"
            },
            "tags_all": {
              "Environment": "dev",
              "ManagedBy": "Terraform",
              "Project": "financial-dataops"
            },
            "unique_id": "AROAV2UH65YOTPYRU4V5D"
          },
          "sensitive_attributes": [],
          "identity_schema_version": 0,
          "identity": {
            "account_id": "400790842909",
            "name": "financial-dataops-dev-glue-role"
          },
          "private": "bnVsbA==",
          "dependencies": [
            "data.aws_iam_policy_document.glue_assume_role"
          ]
        }
      ]
    },
    {
      "mode": "managed",
      "type": "aws_iam_role_policy_attachment",
      "name": "glue_permissions",
      "provider": "provider[\"registry.terraform.io/hashicorp/aws\"]",
      "instances": [
        {
          "schema_version": 0,
          "attributes": {
            "id": "financial-dataops-dev-glue-role/arn:aws:iam::400790842909:policy/financial-dataops-dev-glue-policy",
            "policy_arn": "arn:aws:iam::400790842909:policy/financial-dataops-dev-glue-policy",
            "role": "financial-dataops-dev-glue-role"
          },
          "sensitive_attributes": [],
          "identity_schema_version": 0,
          "identity": {
            "account_id": "400790842909",
            "policy_arn": "arn:aws:iam::400790842909:policy/financial-dataops-dev-glue-policy",
            "role": "financial-dataops-dev-glue-role"
          },
          "private": "bnVsbA==",
          "dependencies": [
            "aws_iam_policy.glue_permissions",
            "aws_iam_role.glue_role",
            "aws_s3_bucket.data_lake",
            "data.aws_iam_policy_document.glue_assume_role",
            "data.aws_iam_policy_document.glue_permissions",
            "random_id.suffix"
          ]
        }
      ]
    },
    {
      "mode": "managed",
      "type": "aws_iam_role_policy_attachment",
      "name": "glue_service_role",
      "provider": "provider[\"registry.terraform.io/hashicorp/aws\"]",
      "instances": [
        {
          "schema_version": 0,
          "attributes": {
            "id": "financial-dataops-dev-glue-role/arn:aws:iam::aws:policy/service-role/AWSGlueServiceRole",
            "policy_arn": "arn:aws:iam::aws:policy/service-role/AWSGlueServiceRole",
            "role": "financial-dataops-dev-glue-role"
          },
          "sensitive_attributes": [],
          "identity_schema_version": 0,
          "identity": {
            "account_id": "400790842909",
            "policy_arn": "arn:aws:iam::aws:policy/service-role/AWSGlueServiceRole",
            "role": "financial-dataops-dev-glue-role"
          },
          "private": "bnVsbA==",
          "dependencies": [
            "aws_iam_role.glue_role",
            "data.aws_iam_policy_document.glue_assume_role"
          ]
        }
      ]
    },
    {
      "mode": "managed",
      "type": "aws_s3_bucket",
      "name": "data_lake",
      "provider": "provider[\"registry.terraform.io/hashicorp/aws\"]",
      "instances": [
        {
          "schema_version": 0,
          "attributes": {
            "acceleration_status": "",
            "acl": null,
            "arn": "arn:aws:s3:::financial-dataops-dev-49e514ea",
            "bucket": "financial-dataops-dev-49e514ea",
            "bucket_domain_name": "financial-dataops-dev-49e514ea.s3.amazonaws.com",
            "bucket_namespace": "global",
            "bucket_prefix": "",
            "bucket_region": "eu-north-1",
            "bucket_regional_domain_name": "financial-dataops-dev-49e514ea.s3.eu-north-1.amazonaws.com",
            "cors_rule": [],
            "force_destroy": false,
            "grant": [
              {
                "id": "4a37e33841db01d21055dd3e84b107372807daabb91836379918e390de09581b",
                "permissions": [
                  "FULL_CONTROL"
                ],
                "type": "CanonicalUser",
                "uri": ""
              }
            ],
            "hosted_zone_id": "Z3BAZG2TWCNX0D",
            "id": "financial-dataops-dev-49e514ea",
            "lifecycle_rule": [
              {
                "abort_incomplete_multipart_upload_days": 0,
                "enabled": true,
                "expiration": [
                  {
                    "date": "",
                    "days": 7,
                    "expired_object_delete_marker": false
                  }
                ],
                "id": "expire-temporary-data",
                "noncurrent_version_expiration": [],
                "noncurrent_version_transition": [],
                "prefix": "temp/",
                "tags": {},
                "transition": []
              }
            ],
            "logging": [],
            "object_lock_configuration": [],
            "object_lock_enabled": false,
            "policy": "",
            "region": "eu-north-1",
            "replication_configuration": [],
            "request_payer": "BucketOwner",
            "server_side_encryption_configuration": [
              {
                "rule": [
                  {
                    "apply_server_side_encryption_by_default": [
                      {
                        "kms_master_key_id": "",
                        "sse_algorithm": "AES256"
                      }
                    ],
                    "bucket_key_enabled": false
                  }
                ]
              }
            ],
            "tags": {
              "Environment": "dev",
              "Name": "financial-dataops-dev-49e514ea",
              "Project": "financial-dataops"
            },
            "tags_all": {
              "Environment": "dev",
              "ManagedBy": "Terraform",
              "Name": "financial-dataops-dev-49e514ea",
              "Project": "financial-dataops"
            },
            "timeouts": null,
            "versioning": [
              {
                "enabled": true,
                "mfa_delete": false
              }
            ],
            "website": [],
            "website_domain": null,
            "website_endpoint": null
          },
          "sensitive_attributes": [],
          "identity_schema_version": 0,
          "identity": {
            "account_id": "400790842909",
            "bucket": "financial-dataops-dev-49e514ea",
            "region": "eu-north-1"
          },
          "private": "eyJlMmJmYjczMC1lY2FhLTExZTYtOGY4OC0zNDM2M2JjN2M0YzAiOnsiY3JlYXRlIjoxMjAwMDAwMDAwMDAwLCJkZWxldGUiOjM2MDAwMDAwMDAwMDAsInJlYWQiOjEyMDAwMDAwMDAwMDAsInVwZGF0ZSI6MTIwMDAwMDAwMDAwMH19",
          "dependencies": [
            "random_id.suffix"
          ]
        }
      ]
    },
    {
      "mode": "managed",
      "type": "aws_s3_bucket_lifecycle_configuration",
      "name": "data_lake",
      "provider": "provider[\"registry.terraform.io/hashicorp/aws\"]",
      "instances": [
        {
          "schema_version": 1,
          "attributes": {
            "bucket": "financial-dataops-dev-49e514ea",
            "expected_bucket_owner": "",
            "id": "financial-dataops-dev-49e514ea",
            "region": "eu-north-1",
            "rule": [
              {
                "abort_incomplete_multipart_upload": [],
                "expiration": [
                  {
                    "date": null,
                    "days": 7,
                    "expired_object_delete_marker": false
                  }
                ],
                "filter": [
                  {
                    "and": [],
                    "object_size_greater_than": null,
                    "object_size_less_than": null,
                    "prefix": "temp/",
                    "tag": []
                  }
                ],
                "id": "expire-temporary-data",
                "noncurrent_version_expiration": [],
                "noncurrent_version_transition": [],
                "prefix": "",
                "status": "Enabled",
                "transition": []
              }
            ],
            "timeouts": null,
            "transition_default_minimum_object_size": "all_storage_classes_128K"
          },
          "sensitive_attributes": [],
          "identity_schema_version": 0,
          "identity": {
            "account_id": "400790842909",
            "bucket": "financial-dataops-dev-49e514ea",
            "region": "eu-north-1"
          },
          "dependencies": [
            "aws_s3_bucket.data_lake",
            "random_id.suffix"
          ]
        }
      ]
    },
    {
      "mode": "managed",
      "type": "aws_s3_bucket_public_access_block",
      "name": "data_lake",
      "provider": "provider[\"registry.terraform.io/hashicorp/aws\"]",
      "instances": [
        {
          "schema_version": 0,
          "attributes": {
            "block_public_acls": true,
            "block_public_policy": true,
            "bucket": "financial-dataops-dev-49e514ea",
            "id": "financial-dataops-dev-49e514ea",
            "ignore_public_acls": true,
            "region": "eu-north-1",
            "restrict_public_buckets": true,
            "skip_destroy": null
          },
          "sensitive_attributes": [],
          "identity_schema_version": 0,
          "identity": {
            "account_id": "400790842909",
            "bucket": "financial-dataops-dev-49e514ea",
            "region": "eu-north-1"
          },
          "private": "bnVsbA==",
          "dependencies": [
            "aws_s3_bucket.data_lake",
            "random_id.suffix"
          ]
        }
      ]
    },
    {
      "mode": "managed",
      "type": "aws_s3_bucket_server_side_encryption_configuration",
      "name": "data_lake",
      "provider": "provider[\"registry.terraform.io/hashicorp/aws\"]",
      "instances": [
        {
          "schema_version": 0,
          "attributes": {
            "bucket": "financial-dataops-dev-49e514ea",
            "expected_bucket_owner": "",
            "id": "financial-dataops-dev-49e514ea",
            "region": "eu-north-1",
            "rule": [
              {
                "apply_server_side_encryption_by_default": [
                  {
                    "kms_master_key_id": "",
                    "sse_algorithm": "AES256"
                  }
                ],
                "blocked_encryption_types": [
                  "SSE-C"
                ],
                "bucket_key_enabled": false
              }
            ]
          },
          "sensitive_attributes": [],
          "identity_schema_version": 1,
          "identity": {
            "account_id": "400790842909",
            "bucket": "financial-dataops-dev-49e514ea",
            "region": "eu-north-1"
          },
          "private": "bnVsbA==",
          "dependencies": [
            "aws_s3_bucket.data_lake",
            "random_id.suffix"
          ]
        }
      ]
    },
    {
      "mode": "managed",
      "type": "aws_s3_bucket_versioning",
      "name": "data_lake",
      "provider": "provider[\"registry.terraform.io/hashicorp/aws\"]",
      "instances": [
        {
          "schema_version": 0,
          "attributes": {
            "bucket": "financial-dataops-dev-49e514ea",
            "expected_bucket_owner": "",
            "id": "financial-dataops-dev-49e514ea",
            "mfa": null,
            "region": "eu-north-1",
            "versioning_configuration": [
              {
                "mfa_delete": "Disabled",
                "status": "Enabled"
              }
            ]
          },
          "sensitive_attributes": [],
          "identity_schema_version": 1,
          "identity": {
            "account_id": "400790842909",
            "bucket": "financial-dataops-dev-49e514ea",
            "region": "eu-north-1"
          },
          "private": "bnVsbA==",
          "dependencies": [
            "aws_s3_bucket.data_lake",
            "random_id.suffix"
          ]
        }
      ]
    },
    {
      "mode": "managed",
      "type": "aws_s3_object",
      "name": "folders",
      "provider": "provider[\"registry.terraform.io/hashicorp/aws\"]",
      "instances": [
        {
          "index_key": "athena-results/",
          "schema_version": 0,
          "attributes": {
            "acl": null,
            "arn": "arn:aws:s3:::financial-dataops-dev-49e514ea/athena-results/",
            "bucket": "financial-dataops-dev-49e514ea",
            "bucket_key_enabled": false,
            "cache_control": "",
            "checksum_algorithm": null,
            "checksum_crc32": "",
            "checksum_crc32c": "",
            "checksum_crc64nvme": "",
            "checksum_sha1": "",
            "checksum_sha256": "",
            "content": "",
            "content_base64": null,
            "content_disposition": "",
            "content_encoding": "",
            "content_language": "",
            "content_type": "application/octet-stream",
            "etag": "d41d8cd98f00b204e9800998ecf8427e",
            "force_destroy": false,
            "id": "financial-dataops-dev-49e514ea/athena-results/",
            "key": "athena-results/",
            "kms_key_id": null,
            "metadata": {},
            "object_lock_legal_hold_status": "",
            "object_lock_mode": "",
            "object_lock_retain_until_date": "",
            "override_provider": [],
            "region": "eu-north-1",
            "server_side_encryption": "AES256",
            "source": null,
            "source_hash": null,
            "storage_class": "STANDARD",
            "tags": {},
            "tags_all": {
              "Environment": "dev",
              "ManagedBy": "Terraform",
              "Project": "financial-dataops"
            },
            "version_id": "null",
            "website_redirect": ""
          },
          "sensitive_attributes": [],
          "identity_schema_version": 0,
          "identity": {
            "account_id": "400790842909",
            "bucket": "financial-dataops-dev-49e514ea",
            "key": "athena-results/",
            "region": "eu-north-1"
          },
          "private": "bnVsbA==",
          "dependencies": [
            "aws_s3_bucket.data_lake",
            "random_id.suffix"
          ]
        },
        {
          "index_key": "bronze/",
          "schema_version": 0,
          "attributes": {
            "acl": null,
            "arn": "arn:aws:s3:::financial-dataops-dev-49e514ea/bronze/",
            "bucket": "financial-dataops-dev-49e514ea",
            "bucket_key_enabled": false,
            "cache_control": "",
            "checksum_algorithm": null,
            "checksum_crc32": "",
            "checksum_crc32c": "",
            "checksum_crc64nvme": "",
            "checksum_sha1": "",
            "checksum_sha256": "",
            "content": "",
            "content_base64": null,
            "content_disposition": "",
            "content_encoding": "",
            "content_language": "",
            "content_type": "application/octet-stream",
            "etag": "d41d8cd98f00b204e9800998ecf8427e",
            "force_destroy": false,
            "id": "financial-dataops-dev-49e514ea/bronze/",
            "key": "bronze/",
            "kms_key_id": null,
            "metadata": {},
            "object_lock_legal_hold_status": "",
            "object_lock_mode": "",
            "object_lock_retain_until_date": "",
            "override_provider": [],
            "region": "eu-north-1",
            "server_side_encryption": "AES256",
            "source": null,
            "source_hash": null,
            "storage_class": "STANDARD",
            "tags": {},
            "tags_all": {
              "Environment": "dev",
              "ManagedBy": "Terraform",
              "Project": "financial-dataops"
            },
            "version_id": "null",
            "website_redirect": ""
          },
          "sensitive_attributes": [],
          "identity_schema_version": 0,
          "identity": {
            "account_id": "400790842909",
            "bucket": "financial-dataops-dev-49e514ea",
            "key": "bronze/",
            "region": "eu-north-1"
          },
          "private": "bnVsbA==",
          "dependencies": [
            "aws_s3_bucket.data_lake",
            "random_id.suffix"
          ]
        },
        {
          "index_key": "gold/",
          "schema_version": 0,
          "attributes": {
            "acl": null,
            "arn": "arn:aws:s3:::financial-dataops-dev-49e514ea/gold/",
            "bucket": "financial-dataops-dev-49e514ea",
            "bucket_key_enabled": false,
            "cache_control": "",
            "checksum_algorithm": null,
            "checksum_crc32": "",
            "checksum_crc32c": "",
            "checksum_crc64nvme": "",
            "checksum_sha1": "",
            "checksum_sha256": "",
            "content": "",
            "content_base64": null,
            "content_disposition": "",
            "content_encoding": "",
            "content_language": "",
            "content_type": "application/octet-stream",
            "etag": "d41d8cd98f00b204e9800998ecf8427e",
            "force_destroy": false,
            "id": "financial-dataops-dev-49e514ea/gold/",
            "key": "gold/",
            "kms_key_id": null,
            "metadata": {},
            "object_lock_legal_hold_status": "",
            "object_lock_mode": "",
            "object_lock_retain_until_date": "",
            "override_provider": [],
            "region": "eu-north-1",
            "server_side_encryption": "AES256",
            "source": null,
            "source_hash": null,
            "storage_class": "STANDARD",
            "tags": {},
            "tags_all": {
              "Environment": "dev",
              "ManagedBy": "Terraform",
              "Project": "financial-dataops"
            },
            "version_id": "null",
            "website_redirect": ""
          },
          "sensitive_attributes": [],
          "identity_schema_version": 0,
          "identity": {
            "account_id": "400790842909",
            "bucket": "financial-dataops-dev-49e514ea",
            "key": "gold/",
            "region": "eu-north-1"
          },
          "private": "bnVsbA==",
          "dependencies": [
            "aws_s3_bucket.data_lake",
            "random_id.suffix"
          ]
        },
        {
          "index_key": "quarantine/",
          "schema_version": 0,
          "attributes": {
            "acl": null,
            "arn": "arn:aws:s3:::financial-dataops-dev-49e514ea/quarantine/",
            "bucket": "financial-dataops-dev-49e514ea",
            "bucket_key_enabled": false,
            "cache_control": "",
            "checksum_algorithm": null,
            "checksum_crc32": "",
            "checksum_crc32c": "",
            "checksum_crc64nvme": "",
            "checksum_sha1": "",
            "checksum_sha256": "",
            "content": "",
            "content_base64": null,
            "content_disposition": "",
            "content_encoding": "",
            "content_language": "",
            "content_type": "application/octet-stream",
            "etag": "d41d8cd98f00b204e9800998ecf8427e",
            "force_destroy": false,
            "id": "financial-dataops-dev-49e514ea/quarantine/",
            "key": "quarantine/",
            "kms_key_id": null,
            "metadata": {},
            "object_lock_legal_hold_status": "",
            "object_lock_mode": "",
            "object_lock_retain_until_date": "",
            "override_provider": [],
            "region": "eu-north-1",
            "server_side_encryption": "AES256",
            "source": null,
            "source_hash": null,
            "storage_class": "STANDARD",
            "tags": {},
            "tags_all": {
              "Environment": "dev",
              "ManagedBy": "Terraform",
              "Project": "financial-dataops"
            },
            "version_id": "null",
            "website_redirect": ""
          },
          "sensitive_attributes": [],
          "identity_schema_version": 0,
          "identity": {
            "account_id": "400790842909",
            "bucket": "financial-dataops-dev-49e514ea",
            "key": "quarantine/",
            "region": "eu-north-1"
          },
          "private": "bnVsbA==",
          "dependencies": [
            "aws_s3_bucket.data_lake",
            "random_id.suffix"
          ]
        },
        {
          "index_key": "raw/",
          "schema_version": 0,
          "attributes": {
            "acl": null,
            "arn": "arn:aws:s3:::financial-dataops-dev-49e514ea/raw/",
            "bucket": "financial-dataops-dev-49e514ea",
            "bucket_key_enabled": false,
            "cache_control": "",
            "checksum_algorithm": null,
            "checksum_crc32": "",
            "checksum_crc32c": "",
            "checksum_crc64nvme": "",
            "checksum_sha1": "",
            "checksum_sha256": "",
            "content": "",
            "content_base64": null,
            "content_disposition": "",
            "content_encoding": "",
            "content_language": "",
            "content_type": "application/octet-stream",
            "etag": "d41d8cd98f00b204e9800998ecf8427e",
            "force_destroy": false,
            "id": "financial-dataops-dev-49e514ea/raw/",
            "key": "raw/",
            "kms_key_id": null,
            "metadata": {},
            "object_lock_legal_hold_status": "",
            "object_lock_mode": "",
            "object_lock_retain_until_date": "",
            "override_provider": [],
            "region": "eu-north-1",
            "server_side_encryption": "AES256",
            "source": null,
            "source_hash": null,
            "storage_class": "STANDARD",
            "tags": {},
            "tags_all": {
              "Environment": "dev",
              "ManagedBy": "Terraform",
              "Project": "financial-dataops"
            },
            "version_id": "null",
            "website_redirect": ""
          },
          "sensitive_attributes": [],
          "identity_schema_version": 0,
          "identity": {
            "account_id": "400790842909",
            "bucket": "financial-dataops-dev-49e514ea",
            "key": "raw/",
            "region": "eu-north-1"
          },
          "private": "bnVsbA==",
          "dependencies": [
            "aws_s3_bucket.data_lake",
            "random_id.suffix"
          ]
        },
        {
          "index_key": "scripts/",
          "schema_version": 0,
          "attributes": {
            "acl": null,
            "arn": "arn:aws:s3:::financial-dataops-dev-49e514ea/scripts/",
            "bucket": "financial-dataops-dev-49e514ea",
            "bucket_key_enabled": false,
            "cache_control": "",
            "checksum_algorithm": null,
            "checksum_crc32": "",
            "checksum_crc32c": "",
            "checksum_crc64nvme": "",
            "checksum_sha1": "",
            "checksum_sha256": "",
            "content": "",
            "content_base64": null,
            "content_disposition": "",
            "content_encoding": "",
            "content_language": "",
            "content_type": "application/octet-stream",
            "etag": "d41d8cd98f00b204e9800998ecf8427e",
            "force_destroy": false,
            "id": "financial-dataops-dev-49e514ea/scripts/",
            "key": "scripts/",
            "kms_key_id": null,
            "metadata": {},
            "object_lock_legal_hold_status": "",
            "object_lock_mode": "",
            "object_lock_retain_until_date": "",
            "override_provider": [],
            "region": "eu-north-1",
            "server_side_encryption": "AES256",
            "source": null,
            "source_hash": null,
            "storage_class": "STANDARD",
            "tags": {},
            "tags_all": {
              "Environment": "dev",
              "ManagedBy": "Terraform",
              "Project": "financial-dataops"
            },
            "version_id": "null",
            "website_redirect": ""
          },
          "sensitive_attributes": [],
          "identity_schema_version": 0,
          "identity": {
            "account_id": "400790842909",
            "bucket": "financial-dataops-dev-49e514ea",
            "key": "scripts/",
            "region": "eu-north-1"
          },
          "private": "bnVsbA==",
          "dependencies": [
            "aws_s3_bucket.data_lake",
            "random_id.suffix"
          ]
        },
        {
          "index_key": "silver/",
          "schema_version": 0,
          "attributes": {
            "acl": null,
            "arn": "arn:aws:s3:::financial-dataops-dev-49e514ea/silver/",
            "bucket": "financial-dataops-dev-49e514ea",
            "bucket_key_enabled": false,
            "cache_control": "",
            "checksum_algorithm": null,
            "checksum_crc32": "",
            "checksum_crc32c": "",
            "checksum_crc64nvme": "",
            "checksum_sha1": "",
            "checksum_sha256": "",
            "content": "",
            "content_base64": null,
            "content_disposition": "",
            "content_encoding": "",
            "content_language": "",
            "content_type": "application/octet-stream",
            "etag": "d41d8cd98f00b204e9800998ecf8427e",
            "force_destroy": false,
            "id": "financial-dataops-dev-49e514ea/silver/",
            "key": "silver/",
            "kms_key_id": null,
            "metadata": {},
            "object_lock_legal_hold_status": "",
            "object_lock_mode": "",
            "object_lock_retain_until_date": "",
            "override_provider": [],
            "region": "eu-north-1",
            "server_side_encryption": "AES256",
            "source": null,
            "source_hash": null,
            "storage_class": "STANDARD",
            "tags": {},
            "tags_all": {
              "Environment": "dev",
              "ManagedBy": "Terraform",
              "Project": "financial-dataops"
            },
            "version_id": "null",
            "website_redirect": ""
          },
          "sensitive_attributes": [],
          "identity_schema_version": 0,
          "identity": {
            "account_id": "400790842909",
            "bucket": "financial-dataops-dev-49e514ea",
            "key": "silver/",
            "region": "eu-north-1"
          },
          "private": "bnVsbA==",
          "dependencies": [
            "aws_s3_bucket.data_lake",
            "random_id.suffix"
          ]
        },
        {
          "index_key": "temp/",
          "schema_version": 0,
          "attributes": {
            "acl": null,
            "arn": "arn:aws:s3:::financial-dataops-dev-49e514ea/temp/",
            "bucket": "financial-dataops-dev-49e514ea",
            "bucket_key_enabled": false,
            "cache_control": "",
            "checksum_algorithm": null,
            "checksum_crc32": "",
            "checksum_crc32c": "",
            "checksum_crc64nvme": "",
            "checksum_sha1": "",
            "checksum_sha256": "",
            "content": "",
            "content_base64": null,
            "content_disposition": "",
            "content_encoding": "",
            "content_language": "",
            "content_type": "application/octet-stream",
            "etag": "d41d8cd98f00b204e9800998ecf8427e",
            "force_destroy": false,
            "id": "financial-dataops-dev-49e514ea/temp/",
            "key": "temp/",
            "kms_key_id": null,
            "metadata": {},
            "object_lock_legal_hold_status": "",
            "object_lock_mode": "",
            "object_lock_retain_until_date": "",
            "override_provider": [],
            "region": "eu-north-1",
            "server_side_encryption": "AES256",
            "source": null,
            "source_hash": null,
            "storage_class": "STANDARD",
            "tags": {},
            "tags_all": {
              "Environment": "dev",
              "ManagedBy": "Terraform",
              "Project": "financial-dataops"
            },
            "version_id": "StmukPcnSA3MKcyRN5OVCCjVo6EOnFSw",
            "website_redirect": ""
          },
          "sensitive_attributes": [],
          "identity_schema_version": 0,
          "identity": {
            "account_id": "400790842909",
            "bucket": "financial-dataops-dev-49e514ea",
            "key": "temp/",
            "region": "eu-north-1"
          },
          "private": "bnVsbA==",
          "dependencies": [
            "aws_s3_bucket.data_lake",
            "random_id.suffix"
          ]
        }
      ]
    },
    {
      "mode": "managed",
      "type": "aws_s3_object",
      "name": "raw_to_silver_script",
      "provider": "provider[\"registry.terraform.io/hashicorp/aws\"]",
      "instances": [
        {
          "schema_version": 0,
          "attributes": {
            "acl": null,
            "arn": "arn:aws:s3:::financial-dataops-dev-49e514ea/scripts/raw_to_silver.py",
            "bucket": "financial-dataops-dev-49e514ea",
            "bucket_key_enabled": false,
            "cache_control": "",
            "checksum_algorithm": null,
            "checksum_crc32": "",
            "checksum_crc32c": "",
            "checksum_crc64nvme": "",
            "checksum_sha1": "",
            "checksum_sha256": "",
            "content": null,
            "content_base64": null,
            "content_disposition": "",
            "content_encoding": "",
            "content_language": "",
            "content_type": "application/octet-stream",
            "etag": "76204e1adf3e13216a64fc351ee20af5",
            "force_destroy": false,
            "id": "financial-dataops-dev-49e514ea/scripts/raw_to_silver.py",
            "key": "scripts/raw_to_silver.py",
            "kms_key_id": null,
            "metadata": null,
            "object_lock_legal_hold_status": "",
            "object_lock_mode": "",
            "object_lock_retain_until_date": "",
            "override_provider": [],
            "region": "eu-north-1",
            "server_side_encryption": "AES256",
            "source": "./../glue/raw_to_silver.py",
            "source_hash": null,
            "storage_class": "STANDARD",
            "tags": null,
            "tags_all": {
              "Environment": "dev",
              "ManagedBy": "Terraform",
              "Project": "financial-dataops"
            },
            "version_id": "v.YkrGIDrvrtB.k7JU8z2AdmPAJZDS8m",
            "website_redirect": ""
          },
          "sensitive_attributes": [],
          "identity_schema_version": 0,
          "identity": {
            "account_id": "400790842909",
            "bucket": "financial-dataops-dev-49e514ea",
            "key": "scripts/raw_to_silver.py",
            "region": "eu-north-1"
          },
          "private": "bnVsbA==",
          "dependencies": [
            "aws_s3_bucket.data_lake",
            "random_id.suffix"
          ]
        }
      ]
    },
    {
      "mode": "managed",
      "type": "aws_s3_object",
      "name": "transformation_library",
      "provider": "provider[\"registry.terraform.io/hashicorp/aws\"]",
      "instances": [
        {
          "schema_version": 0,
          "attributes": {
            "acl": null,
            "arn": "arn:aws:s3:::financial-dataops-dev-49e514ea/scripts/financial_transformations.zip",
            "bucket": "financial-dataops-dev-49e514ea",
            "bucket_key_enabled": false,
            "cache_control": "",
            "checksum_algorithm": null,
            "checksum_crc32": "",
            "checksum_crc32c": "",
            "checksum_crc64nvme": "",
            "checksum_sha1": "",
            "checksum_sha256": "",
            "content": null,
            "content_base64": null,
            "content_disposition": "",
            "content_encoding": "",
            "content_language": "",
            "content_type": "application/octet-stream",
            "etag": "276774c083654964a5048280d3837b6e",
            "force_destroy": false,
            "id": "financial-dataops-dev-49e514ea/scripts/financial_transformations.zip",
            "key": "scripts/financial_transformations.zip",
            "kms_key_id": null,
            "metadata": null,
            "object_lock_legal_hold_status": "",
            "object_lock_mode": "",
            "object_lock_retain_until_date": "",
            "override_provider": [],
            "region": "eu-north-1",
            "server_side_encryption": "AES256",
            "source": "./../build/financial_transformations.zip",
            "source_hash": null,
            "storage_class": "STANDARD",
            "tags": null,
            "tags_all": {
              "Environment": "dev",
              "ManagedBy": "Terraform",
              "Project": "financial-dataops"
            },
            "version_id": "HXadJyC8iooHxWQ2ErFmtdGp4Vu9mUU4",
            "website_redirect": ""
          },
          "sensitive_attributes": [],
          "identity_schema_version": 0,
          "identity": {
            "account_id": "400790842909",
            "bucket": "financial-dataops-dev-49e514ea",
            "key": "scripts/financial_transformations.zip",
            "region": "eu-north-1"
          },
          "private": "bnVsbA==",
          "dependencies": [
            "aws_s3_bucket.data_lake",
            "random_id.suffix"
          ]
        }
      ]
    },
    {
      "mode": "managed",
      "type": "random_id",
      "name": "suffix",
      "provider": "provider[\"registry.terraform.io/hashicorp/random\"]",
      "instances": [
        {
          "schema_version": 0,
          "attributes": {
            "b64_std": "SeUU6g==",
            "b64_url": "SeUU6g",
            "byte_length": 4,
            "dec": "1239749866",
            "hex": "49e514ea",
            "id": "SeUU6g",
            "keepers": null,
            "prefix": null
          },
          "sensitive_attributes": [],
          "identity_schema_version": 0
        }
      ]
    }
  ],
  "check_results": null
}
